// !$*UTF8*$!
{
	archiveVersion = 1;
	classes = {
	};
	objectVersion = 55;
	objects = {

/* Begin PBXBuildFile section */
		0959DD4A282172BB00EB3C20 /* Realm in Frameworks */ = {isa = PBXBuildFile; productRef = 0959DD49282172BB00EB3C20 /* Realm */; };
		0959DD4C282172BB00EB3C20 /* RealmSwift in Frameworks */ = {isa = PBXBuildFile; productRef = 0959DD4B282172BB00EB3C20 /* RealmSwift */; };
		0959DD5228218A1600EB3C20 /* bar.swift in Sources */ = {isa = PBXBuildFile; fileRef = 0959DD5128218A1600EB3C20 /* bar.swift */; };
		0959DD54282199B500EB3C20 /* TaskViewController.swift in Sources */ = {isa = PBXBuildFile; fileRef = 0959DD53282199B500EB3C20 /* TaskViewController.swift */; };
		098AE62A2826A46100776251 /* ImageViewExtension.swift in Sources */ = {isa = PBXBuildFile; fileRef = 098AE6292826A46100776251 /* ImageViewExtension.swift */; };
		09A713362825829F00AEEBDF /* AlertController.swift in Sources */ = {isa = PBXBuildFile; fileRef = 09A713352825829F00AEEBDF /* AlertController.swift */; };
		09C5914B282129DF0089175A /* AppDelegate.swift in Sources */ = {isa = PBXBuildFile; fileRef = 09C5914A282129DF0089175A /* AppDelegate.swift */; };
		09C5914F282129DF0089175A /* TasksListView.swift in Sources */ = {isa = PBXBuildFile; fileRef = 09C5914E282129DF0089175A /* TasksListView.swift */; };
		09C59154282129E00089175A /* Assets.xcassets in Resources */ = {isa = PBXBuildFile; fileRef = 09C59153282129E00089175A /* Assets.xcassets */; };
		09C59157282129E00089175A /* LaunchScreen.storyboard in Resources */ = {isa = PBXBuildFile; fileRef = 09C59155282129E00089175A /* LaunchScreen.storyboard */; };
		09C5916028212E310089175A /* Realm in Frameworks */ = {isa = PBXBuildFile; productRef = 09C5915F28212E310089175A /* Realm */; };
		09C5916228212E310089175A /* RealmSwift in Frameworks */ = {isa = PBXBuildFile; productRef = 09C5916128212E310089175A /* RealmSwift */; };
		09C5916C282156870089175A /* StorageManager.swift in Sources */ = {isa = PBXBuildFile; fileRef = 09C5916B282156870089175A /* StorageManager.swift */; };
		09C5916E282156E10089175A /* DataManager.swift in Sources */ = {isa = PBXBuildFile; fileRef = 09C5916D282156E10089175A /* DataManager.swift */; };
		09C591702821572D0089175A /* Models.swift in Sources */ = {isa = PBXBuildFile; fileRef = 09C5916F2821572D0089175A /* Models.swift */; };
/* End PBXBuildFile section */

/* Begin PBXFileReference section */
		0959DD5128218A1600EB3C20 /* bar.swift */ = {isa = PBXFileReference; lastKnownFileType = sourcecode.swift; path = bar.swift; sourceTree = "<group>"; };
		0959DD53282199B500EB3C20 /* TaskViewController.swift */ = {isa = PBXFileReference; lastKnownFileType = sourcecode.swift; path = TaskViewController.swift; sourceTree = "<group>"; };
		098AE6292826A46100776251 /* ImageViewExtension.swift */ = {isa = PBXFileReference; lastKnownFileType = sourcecode.swift; path = ImageViewExtension.swift; sourceTree = "<group>"; };
		09A713352825829F00AEEBDF /* AlertController.swift */ = {isa = PBXFileReference; lastKnownFileType = sourcecode.swift; path = AlertController.swift; sourceTree = "<group>"; };
		09C59147282129DF0089175A /* RealmProject.app */ = {isa = PBXFileReference; explicitFileType = wrapper.application; includeInIndex = 0; path = RealmProject.app; sourceTree = BUILT_PRODUCTS_DIR; };
		09C5914A282129DF0089175A /* AppDelegate.swift */ = {isa = PBXFileReference; lastKnownFileType = sourcecode.swift; path = AppDelegate.swift; sourceTree = "<group>"; };
		09C5914E282129DF0089175A /* TasksListView.swift */ = {isa = PBXFileReference; lastKnownFileType = sourcecode.swift; path = TasksListView.swift; sourceTree = "<group>"; };
		09C59153282129E00089175A /* Assets.xcassets */ = {isa = PBXFileReference; lastKnownFileType = folder.assetcatalog; path = Assets.xcassets; sourceTree = "<group>"; };
		09C59156282129E00089175A /* Base */ = {isa = PBXFileReference; lastKnownFileType = file.storyboard; name = Base; path = Base.lproj/LaunchScreen.storyboard; sourceTree = "<group>"; };
		09C59158282129E00089175A /* Info.plist */ = {isa = PBXFileReference; lastKnownFileType = text.plist.xml; path = Info.plist; sourceTree = "<group>"; };
		09C5916B282156870089175A /* StorageManager.swift */ = {isa = PBXFileReference; lastKnownFileType = sourcecode.swift; path = StorageManager.swift; sourceTree = "<group>"; };
		09C5916D282156E10089175A /* DataManager.swift */ = {isa = PBXFileReference; lastKnownFileType = sourcecode.swift; path = DataManager.swift; sourceTree = "<group>"; };
		09C5916F2821572D0089175A /* Models.swift */ = {isa = PBXFileReference; lastKnownFileType = sourcecode.swift; path = Models.swift; sourceTree = "<group>"; };
/* End PBXFileReference section */

/* Begin PBXFrameworksBuildPhase section */
		09C59144282129DF0089175A /* Frameworks */ = {
			isa = PBXFrameworksBuildPhase;
			buildActionMask = 2147483647;
			files = (
				0959DD4C282172BB00EB3C20 /* RealmSwift in Frameworks */,
				0959DD4A282172BB00EB3C20 /* Realm in Frameworks */,
				09C5916228212E310089175A /* RealmSwift in Frameworks */,
				09C5916028212E310089175A /* Realm in Frameworks */,
			);
			runOnlyForDeploymentPostprocessing = 0;
		};
/* End PBXFrameworksBuildPhase section */

/* Begin PBXGroup section */
		09C5913E282129DF0089175A = {
			isa = PBXGroup;
			children = (
				09C59149282129DF0089175A /* RealmProject */,
				09C59148282129DF0089175A /* Products */,
			);
			sourceTree = "<group>";
		};
		09C59148282129DF0089175A /* Products */ = {
			isa = PBXGroup;
			children = (
				09C59147282129DF0089175A /* RealmProject.app */,
			);
			name = Products;
			sourceTree = "<group>";
		};
		09C59149282129DF0089175A /* RealmProject */ = {
			isa = PBXGroup;
			children = (
				09C5914A282129DF0089175A /* AppDelegate.swift */,
				09C5914E282129DF0089175A /* TasksListView.swift */,
				098AE6292826A46100776251 /* ImageViewExtension.swift */,
				0959DD53282199B500EB3C20 /* TaskViewController.swift */,
				09A713352825829F00AEEBDF /* AlertController.swift */,
				0959DD5128218A1600EB3C20 /* bar.swift */,
				09C5916B282156870089175A /* StorageManager.swift */,
				09C5916D282156E10089175A /* DataManager.swift */,
				09C5916F2821572D0089175A /* Models.swift */,
				09C59153282129E00089175A /* Assets.xcassets */,
				09C59155282129E00089175A /* LaunchScreen.storyboard */,
				09C59158282129E00089175A /* Info.plist */,
			);
			path = RealmProject;
			sourceTree = "<group>";
		};
/* End PBXGroup section */

/* Begin PBXNativeTarget section */
		09C59146282129DF0089175A /* RealmProject */ = {
			isa = PBXNativeTarget;
			buildConfigurationList = 09C5915B282129E00089175A /* Build configuration list for PBXNativeTarget "RealmProject" */;
			buildPhases = (
				09C59143282129DF0089175A /* Sources */,
				09C59144282129DF0089175A /* Frameworks */,
				09C59145282129DF0089175A /* Resources */,
			);
			buildRules = (
			);
			dependencies = (
			);
			name = RealmProject;
			packageProductDependencies = (
				09C5915F28212E310089175A /* Realm */,
				09C5916128212E310089175A /* RealmSwift */,
				0959DD49282172BB00EB3C20 /* Realm */,
				0959DD4B282172BB00EB3C20 /* RealmSwift */,
			);
			productName = RealmProject;
			productReference = 09C59147282129DF0089175A /* RealmProject.app */;
			productType = "com.apple.product-type.application";
		};
/* End PBXNativeTarget section */

/* Begin PBXProject section */
		09C5913F282129DF0089175A /* Project object */ = {
			isa = PBXProject;
			attributes = {
				BuildIndependentTargetsInParallel = 1;
				LastSwiftUpdateCheck = 1330;
				LastUpgradeCheck = 1330;
				TargetAttributes = {
					09C59146282129DF0089175A = {
						CreatedOnToolsVersion = 13.3.1;
					};
				};
			};
			buildConfigurationList = 09C59142282129DF0089175A /* Build configuration list for PBXProject "RealmProject" */;
			compatibilityVersion = "Xcode 13.0";
			developmentRegion = en;
			hasScannedForEncodings = 0;
			knownRegions = (
				en,
				Base,
			);
			mainGroup = 09C5913E282129DF0089175A;
			packageReferences = (
				09C5915E28212E310089175A /* XCRemoteSwiftPackageReference "realm-swift" */,
				0959DD48282172BA00EB3C20 /* XCRemoteSwiftPackageReference "realm-swift" */,
			);
			productRefGroup = 09C59148282129DF0089175A /* Products */;
			projectDirPath = "";
			projectRoot = "";
			targets = (
				09C59146282129DF0089175A /* RealmProject */,
			);
		};
/* End PBXProject section */

/* Begin PBXResourcesBuildPhase section */
		09C59145282129DF0089175A /* Resources */ = {
			isa = PBXResourcesBuildPhase;
			buildActionMask = 2147483647;
			files = (
				09C59157282129E00089175A /* LaunchScreen.storyboard in Resources */,
				09C59154282129E00089175A /* Assets.xcassets in Resources */,
			);
			runOnlyForDeploymentPostprocessing = 0;
		};
/* End PBXResourcesBuildPhase section */

/* Begin PBXSourcesBuildPhase section */
		09C59143282129DF0089175A /* Sources */ = {
			isa = PBXSourcesBuildPhase;
			buildActionMask = 2147483647;
			files = (
				09C5916C282156870089175A /* StorageManager.swift in Sources */,
				0959DD54282199B500EB3C20 /* TaskViewController.swift in Sources */,
				09C5916E282156E10089175A /* DataManager.swift in Sources */,
				09C5914F282129DF0089175A /* TasksListView.swift in Sources */,
				098AE62A2826A46100776251 /* ImageViewExtension.swift in Sources */,
				09A713362825829F00AEEBDF /* AlertController.swift in Sources */,
				0959DD5228218A1600EB3C20 /* bar.swift in Sources */,
				09C5914B282129DF0089175A /* AppDelegate.swift in Sources */,
				09C591702821572D0089175A /* Models.swift in Sources */,
			);
			runOnlyForDeploymentPostprocessing = 0;
		};
/* End PBXSourcesBuildPhase section */

/* Begin PBXVariantGroup section */
		09C59155282129E00089175A /* LaunchScreen.storyboard */ = {
			isa = PBXVariantGroup;
			children = (
				09C59156282129E00089175A /* Base */,
			);
			name = LaunchScreen.storyboard;
			sourceTree = "<group>";
		};
/* End PBXVariantGroup section */

/* Begin XCBuildConfiguration section */
		09C59159282129E00089175A /* Debug */ = {
			isa = XCBuildConfiguration;
			buildSettings = {
				ALWAYS_SEARCH_USER_PATHS = NO;
				CLANG_ANALYZER_NONNULL = YES;
				CLANG_ANALYZER_NUMBER_OBJECT_CONVERSION = YES_AGGRESSIVE;
				CLANG_CXX_LANGUAGE_STANDARD = "gnu++17";
				CLANG_ENABLE_MODULES = YES;
				CLANG_ENABLE_OBJC_ARC = YES;
				CLANG_ENABLE_OBJC_WEAK = YES;
				CLANG_WARN_BLOCK_CAPTURE_AUTORELEASING = YES;
				CLANG_WARN_BOOL_CONVERSION = YES;
				CLANG_WARN_COMMA = YES;
				CLANG_WARN_CONSTANT_CONVERSION = YES;
				CLANG_WARN_DEPRECATED_OBJC_IMPLEMENTATIONS = YES;
				CLANG_WARN_DIRECT_OBJC_ISA_USAGE = YES_ERROR;
				CLANG_WARN_DOCUMENTATION_COMMENTS = YES;
				CLANG_WARN_EMPTY_BODY = YES;
				CLANG_WARN_ENUM_CONVERSION = YES;
				CLANG_WARN_INFINITE_RECURSION = YES;
				CLANG_WARN_INT_CONVERSION = YES;
				CLANG_WARN_NON_LITERAL_NULL_CONVERSION = YES;
				CLANG_WARN_OBJC_IMPLICIT_RETAIN_SELF = YES;
				CLANG_WARN_OBJC_LITERAL_CONVERSION = YES;
				CLANG_WARN_OBJC_ROOT_CLASS = YES_ERROR;
				CLANG_WARN_QUOTED_INCLUDE_IN_FRAMEWORK_HEADER = YES;
				CLANG_WARN_RANGE_LOOP_ANALYSIS = YES;
				CLANG_WARN_STRICT_PROTOTYPES = YES;
				CLANG_WARN_SUSPICIOUS_MOVE = YES;
				CLANG_WARN_UNGUARDED_AVAILABILITY = YES_AGGRESSIVE;
				CLANG_WARN_UNREACHABLE_CODE = YES;
				CLANG_WARN__DUPLICATE_METHOD_MATCH = YES;
				COPY_PHASE_STRIP = NO;
				DEBUG_INFORMATION_FORMAT = dwarf;
				ENABLE_STRICT_OBJC_MSGSEND = YES;
				ENABLE_TESTABILITY = YES;
				GCC_C_LANGUAGE_STANDARD = gnu11;
				GCC_DYNAMIC_NO_PIC = NO;
				GCC_NO_COMMON_BLOCKS = YES;
				GCC_OPTIMIZATION_LEVEL = 0;
				GCC_PREPROCESSOR_DEFINITIONS = (
					"DEBUG=1",
					"$(inherited)",
				);
				GCC_WARN_64_TO_32_BIT_CONVERSION = YES;
				GCC_WARN_ABOUT_RETURN_TYPE = YES_ERROR;
				GCC_WARN_UNDECLARED_SELECTOR = YES;
				GCC_WARN_UNINITIALIZED_AUTOS = YES_AGGRESSIVE;
				GCC_WARN_UNUSED_FUNCTION = YES;
				GCC_WARN_UNUSED_VARIABLE = YES;
				IPHONEOS_DEPLOYMENT_TARGET = 15.4;
				MTL_ENABLE_DEBUG_INFO = INCLUDE_SOURCE;
				MTL_FAST_MATH = YES;
				ONLY_ACTIVE_ARCH = YES;
				SDKROOT = iphoneos;
				SWIFT_ACTIVE_COMPILATION_CONDITIONS = DEBUG;
				SWIFT_OPTIMIZATION_LEVEL = "-Onone";
			};
			name = Debug;
		};
		09C5915A282129E00089175A /* Release */ = {
			isa = XCBuildConfiguration;
			buildSettings = {
				ALWAYS_SEARCH_USER_PATHS = NO;
				CLANG_ANALYZER_NONNULL = YES;
				CLANG_ANALYZER_NUMBER_OBJECT_CONVERSION = YES_AGGRESSIVE;
				CLANG_CXX_LANGUAGE_STANDARD = "gnu++17";
				CLANG_ENABLE_MODULES = YES;
				CLANG_ENABLE_OBJC_ARC = YES;
				CLANG_ENABLE_OBJC_WEAK = YES;
				CLANG_WARN_BLOCK_CAPTURE_AUTORELEASING = YES;
				CLANG_WARN_BOOL_CONVERSION = YES;
				CLANG_WARN_COMMA = YES;
				CLANG_WARN_CONSTANT_CONVERSION = YES;
				CLANG_WARN_DEPRECATED_OBJC_IMPLEMENTATIONS = YES;
				CLANG_WARN_DIRECT_OBJC_ISA_USAGE = YES_ERROR;
				CLANG_WARN_DOCUMENTATION_COMMENTS = YES;
				CLANG_WARN_EMPTY_BODY = YES;
				CLANG_WARN_ENUM_CONVERSION = YES;
				CLANG_WARN_INFINITE_RECURSION = YES;
				CLANG_WARN_INT_CONVERSION = YES;
				CLANG_WARN_NON_LITERAL_NULL_CONVERSION = YES;
				CLANG_WARN_OBJC_IMPLICIT_RETAIN_SELF = YES;
				CLANG_WARN_OBJC_LITERAL_CONVERSION = YES;
				CLANG_WARN_OBJC_ROOT_CLASS = YES_ERROR;
				CLANG_WARN_QUOTED_INCLUDE_IN_FRAMEWORK_HEADER = YES;
				CLANG_WARN_RANGE_LOOP_ANALYSIS = YES;
				CLANG_WARN_STRICT_PROTOTYPES = YES;
				CLANG_WARN_SUSPICIOUS_MOVE = YES;
				CLANG_WARN_UNGUARDED_AVAILABILITY = YES_AGGRESSIVE;
				CLANG_WARN_UNREACHABLE_CODE = YES;
				CLANG_WARN__DUPLICATE_METHOD_MATCH = YES;
				COPY_PHASE_STRIP = NO;
				DEBUG_INFORMATION_FORMAT = "dwarf-with-dsym";
				ENABLE_NS_ASSERTIONS = NO;
				ENABLE_STRICT_OBJC_MSGSEND = YES;
				GCC_C_LANGUAGE_STANDARD = gnu11;
				GCC_NO_COMMON_BLOCKS = YES;
				GCC_WARN_64_TO_32_BIT_CONVERSION = YES;
				GCC_WARN_ABOUT_RETURN_TYPE = YES_ERROR;
				GCC_WARN_UNDECLARED_SELECTOR = YES;
				GCC_WARN_UNINITIALIZED_AUTOS = YES_AGGRESSIVE;
				GCC_WARN_UNUSED_FUNCTION = YES;
				GCC_WARN_UNUSED_VARIABLE = YES;
				IPHONEOS_DEPLOYMENT_TARGET = 15.4;
				MTL_ENABLE_DEBUG_INFO = NO;
				MTL_FAST_MATH = YES;
				SDKROOT = iphoneos;
				SWIFT_COMPILATION_MODE = wholemodule;
				SWIFT_OPTIMIZATION_LEVEL = "-O";
				VALIDATE_PRODUCT = YES;
			};
			name = Release;
		};
		09C5915C282129E00089175A /* Debug */ = {
			isa = XCBuildConfiguration;
			buildSettings = {
				ASSETCATALOG_COMPILER_APPICON_NAME = AppIcon;
				ASSETCATALOG_COMPILER_GLOBAL_ACCENT_COLOR_NAME = AccentColor;
				CODE_SIGN_STYLE = Automatic;
				CURRENT_PROJECT_VERSION = 1;
				DEVELOPMENT_TEAM = JM2LZTGHNA;
				GENERATE_INFOPLIST_FILE = YES;
				INFOPLIST_FILE = RealmProject/Info.plist;
				INFOPLIST_KEY_UIApplicationSupportsIndirectInputEvents = YES;
				INFOPLIST_KEY_UILaunchStoryboardName = LaunchScreen;
				INFOPLIST_KEY_UISupportedInterfaceOrientations = UIInterfaceOrientationPortrait;
				INFOPLIST_KEY_UISupportedInterfaceOrientations_iPad = "UIInterfaceOrientationPortrait UIInterfaceOrientationPortraitUpsideDown UIInterfaceOrientationLandscapeLeft UIInterfaceOrientationLandscapeRight";
				INFOPLIST_KEY_UISupportedInterfaceOrientations_iPhone = "UIInterfaceOrientationPortrait UIInterfaceOrientationLandscapeLeft UIInterfaceOrientationLandscapeRight";
				LD_RUNPATH_SEARCH_PATHS = (
					"$(inherited)",
					"@executable_path/Frameworks",
				);
				MARKETING_VERSION = 1.0;
				PRODUCT_BUNDLE_IDENTIFIER = com.swiftBook.RealmProject;
				PRODUCT_NAME = "$(TARGET_NAME)";
				SWIFT_EMIT_LOC_STRINGS = YES;
				SWIFT_VERSION = 5.0;
				TARGETED_DEVICE_FAMILY = 1;
			};
			name = Debug;
		};
		09C5915D282129E00089175A /* Release */ = {
			isa = XCBuildConfiguration;
			buildSettings = {
				ASSETCATALOG_COMPILER_APPICON_NAME = AppIcon;
				ASSETCATALOG_COMPILER_GLOBAL_ACCENT_COLOR_NAME = AccentColor;
				CODE_SIGN_STYLE = Automatic;
				CURRENT_PROJECT_VERSION = 1;
				DEVELOPMENT_TEAM = JM2LZTGHNA;
				GENERATE_INFOPLIST_FILE = YES;
				INFOPLIST_FILE = RealmProject/Info.plist;
				INFOPLIST_KEY_UIApplicationSupportsIndirectInputEvents = YES;
				INFOPLIST_KEY_UILaunchStoryboardName = LaunchScreen;
				INFOPLIST_KEY_UISupportedInterfaceOrientations = UIInterfaceOrientationPortrait;
				INFOPLIST_KEY_UISupportedInterfaceOrientations_iPad = "UIInterfaceOrientationPortrait UIInterfaceOrientationPortraitUpsideDown UIInterfaceOrientationLandscapeLeft UIInterfaceOrientationLandscapeRight";
				INFOPLIST_KEY_UISupportedInterfaceOrientations_iPhone = "UIInterfaceOrientationPortrait UIInterfaceOrientationLandscapeLeft UIInterfaceOrientationLandscapeRight";
				LD_RUNPATH_SEARCH_PATHS = (
					"$(inherited)",
					"@executable_path/Frameworks",
				);
				MARKETING_VERSION = 1.0;
				PRODUCT_BUNDLE_IDENTIFIER = com.swiftBook.RealmProject;
				PRODUCT_NAME = "$(TARGET_NAME)";
				SWIFT_EMIT_LOC_STRINGS = YES;
				SWIFT_VERSION = 5.0;
				TARGETED_DEVICE_FAMILY = 1;
			};
			name = Release;
		};
/* End XCBuildConfiguration section */

/* Begin XCConfigurationList section */
		09C59142282129DF0089175A /* Build configuration list for PBXProject "RealmProject" */ = {
			isa = XCConfigurationList;
			buildConfigurations = (
				09C59159282129E00089175A /* Debug */,
				09C5915A282129E00089175A /* Release */,
			);
			defaultConfigurationIsVisible = 0;
			defaultConfigurationName = Release;
		};
		09C5915B282129E00089175A /* Build configuration list for PBXNativeTarget "RealmProject" */ = {
			isa = XCConfigurationList;
			buildConfigurations = (
				09C5915C282129E00089175A /* Debug */,
				09C5915D282129E00089175A /* Release */,
			);
			defaultConfigurationIsVisible = 0;
			defaultConfigurationName = Release;
		};
/* End XCConfigurationList section */

/* Begin XCRemoteSwiftPackageReference section */
		0959DD48282172BA00EB3C20 /* XCRemoteSwiftPackageReference "realm-swift" */ = {
			isa = XCRemoteSwiftPackageReference;
			repositoryURL = "https://github.com/realm/realm-swift.git";
			requirement = {
				branch = master;
				kind = branch;
			};
		};
		09C5915E28212E310089175A /* XCRemoteSwiftPackageReference "realm-swift" */ = {
			isa = XCRemoteSwiftPackageReference;
			repositoryURL = "https://github.com/realm/realm-swift.git";
			requirement = {
				kind = upToNextMajorVersion;
				minimumVersion = 10.19.0;
			};
		};
/* End XCRemoteSwiftPackageReference section */

/* Begin XCSwiftPackageProductDependency section */
		0959DD49282172BB00EB3C20 /* Realm */ = {
			isa = XCSwiftPackageProductDependency;
			package = 0959DD48282172BA00EB3C20 /* XCRemoteSwiftPackageReference "realm-swift" */;
			productName = Realm;
		};
		0959DD4B282172BB00EB3C20 /* RealmSwift */ = {
			isa = XCSwiftPackageProductDependency;
			package = 0959DD48282172BA00EB3C20 /* XCRemoteSwiftPackageReference "realm-swift" */;
			productName = RealmSwift;
		};
		09C5915F28212E310089175A /* Realm */ = {
			isa = XCSwiftPackageProductDependency;
			package = 09C5915E28212E310089175A /* XCRemoteSwiftPackageReference "realm-swift" */;
			productName = Realm;
		};
		09C5916128212E310089175A /* RealmSwift */ = {
			isa = XCSwiftPackageProductDependency;
			package = 09C5915E28212E310089175A /* XCRemoteSwiftPackageReference "realm-swift" */;
			productName = RealmSwift;
		};
/* End XCSwiftPackageProductDependency section */
	};
	rootObject = 09C5913F282129DF0089175A /* Project object */;
}
